PODS:
  - AEXML (4.5.0)
  - SwiftCLI (5.2.1)

DEPENDENCIES:
  - AEXML
  - SwiftCLI

SPEC REPOS:
  https://github.com/cocoapods/specs.git:
    - AEXML
    - SwiftCLI

SPEC CHECKSUMS:
  AEXML: 0e8f1d874fa033ca6b3909452a8bc362faad46e6
  SwiftCLI: abd45071fc69b26861fd17f4f7e40f1416358e0c

PODFILE CHECKSUM: cb388a5d6c04be254e17f5948572f139a97265bf

COCOAPODS: 1.7.5
