// !$*UTF8*$!
{
	archiveVersion = 1;
	classes = {
	};
	objectVersion = 50;
	objects = {

/* Begin PBXBuildFile section */
		2021C564224B6EC600AAEC72 /* Version.swift in Sources */ = {isa = PBXBuildFile; fileRef = 2021C563224B6EC600AAEC72 /* Version.swift */; };
		2031674722522F5C00B82FD7 /* AutoresizingMaskParameterDecoder.swift in Sources */ = {isa = PBXBuildFile; fileRef = 2031674622522F5C00B82FD7 /* AutoresizingMaskParameterDecoder.swift */; };
		204D18E6224D17DC009AAB8A /* XibIntParameter.swift in Sources */ = {isa = PBXBuildFile; fileRef = 204D18E5224D17DC009AAB8A /* XibIntParameter.swift */; };
		204D18E8224E0BB8009AAB8A /* XibFloatParameter.swift in Sources */ = {isa = PBXBuildFile; fileRef = 204D18E7224E0BB8009AAB8A /* XibFloatParameter.swift */; };
		204D18EA224E0BDE009AAB8A /* XibDoubleParameter.swift in Sources */ = {isa = PBXBuildFile; fileRef = 204D18E9224E0BDE009AAB8A /* XibDoubleParameter.swift */; };
		204D18EC224E0C32009AAB8A /* XibBoolParameter.swift in Sources */ = {isa = PBXBuildFile; fileRef = 204D18EB224E0C32009AAB8A /* XibBoolParameter.swift */; };
		204D18EE224E0C61009AAB8A /* XibNullParameter.swift in Sources */ = {isa = PBXBuildFile; fileRef = 204D18ED224E0C61009AAB8A /* XibNullParameter.swift */; };
		204D18F0224E0CFA009AAB8A /* XibObjectParameter.swift in Sources */ = {isa = PBXBuildFile; fileRef = 204D18EF224E0CFA009AAB8A /* XibObjectParameter.swift */; };
		204D18F2224E0E38009AAB8A /* XibDataParameter.swift in Sources */ = {isa = PBXBuildFile; fileRef = 204D18F1224E0E38009AAB8A /* XibDataParameter.swift */; };
		204D18F4224E11BA009AAB8A /* XibUIBoundsParameter.swift in Sources */ = {isa = PBXBuildFile; fileRef = 204D18F3224E11BA009AAB8A /* XibUIBoundsParameter.swift */; };
		204D18F6224E164D009AAB8A /* XibUICenterParameter.swift in Sources */ = {isa = PBXBuildFile; fileRef = 204D18F5224E164D009AAB8A /* XibUICenterParameter.swift */; };
		204D18F8224E1A86009AAB8A /* RestoreCommand.swift in Sources */ = {isa = PBXBuildFile; fileRef = 204D18F7224E1A86009AAB8A /* RestoreCommand.swift */; };
		204D18FA224E24D2009AAB8A /* XibScanner.swift in Sources */ = {isa = PBXBuildFile; fileRef = 204D18F9224E24D2009AAB8A /* XibScanner.swift */; };
		204D18FC224E29BA009AAB8A /* XibDecoder.swift in Sources */ = {isa = PBXBuildFile; fileRef = 204D18FB224E29BA009AAB8A /* XibDecoder.swift */; };
		204D1901224E2D37009AAB8A /* Tag.swift in Sources */ = {isa = PBXBuildFile; fileRef = 204D1900224E2D37009AAB8A /* Tag.swift */; };
		204D1903224E2D6B009AAB8A /* TagParameter.swift in Sources */ = {isa = PBXBuildFile; fileRef = 204D1902224E2D6B009AAB8A /* TagParameter.swift */; };
		204D190C224E3C8A009AAB8A /* XibParentTag.swift in Sources */ = {isa = PBXBuildFile; fileRef = 204D190B224E3C8A009AAB8A /* XibParentTag.swift */; };
		204D190E224E53A1009AAB8A /* CustomDecodersHolder.swift in Sources */ = {isa = PBXBuildFile; fileRef = 204D190D224E53A1009AAB8A /* CustomDecodersHolder.swift */; };
		204D1910224E5AAB009AAB8A /* NewTagDecoder.swift in Sources */ = {isa = PBXBuildFile; fileRef = 204D190F224E5AAB009AAB8A /* NewTagDecoder.swift */; };
		204D1912225200D6009AAB8A /* ProxyObjectDecoder.swift in Sources */ = {isa = PBXBuildFile; fileRef = 204D1911225200D6009AAB8A /* ProxyObjectDecoder.swift */; };
		204D1914225203CD009AAB8A /* PlaceholderDecoder.swift in Sources */ = {isa = PBXBuildFile; fileRef = 204D1913225203CD009AAB8A /* PlaceholderDecoder.swift */; };
		204D191622520B6C009AAB8A /* DefaultParameterDecoder.swift in Sources */ = {isa = PBXBuildFile; fileRef = 204D191522520B6C009AAB8A /* DefaultParameterDecoder.swift */; };
		204D191822521766009AAB8A /* ListParameterDecoder.swift in Sources */ = {isa = PBXBuildFile; fileRef = 204D191722521766009AAB8A /* ListParameterDecoder.swift */; };
		204D191A22521B27009AAB8A /* UIBoundsDecoder.swift in Sources */ = {isa = PBXBuildFile; fileRef = 204D191922521B27009AAB8A /* UIBoundsDecoder.swift */; };
		204D191C22521D6B009AAB8A /* UIColorDecoder.swift in Sources */ = {isa = PBXBuildFile; fileRef = 204D191B22521D6B009AAB8A /* UIColorDecoder.swift */; };
		204D191E2252233E009AAB8A /* BoolParameterDecoder.swift in Sources */ = {isa = PBXBuildFile; fileRef = 204D191D2252233E009AAB8A /* BoolParameterDecoder.swift */; };
		20AC7A39224B879400BF5968 /* PrintCommand.swift in Sources */ = {isa = PBXBuildFile; fileRef = 20AC7A38224B879400BF5968 /* PrintCommand.swift */; };
		20FC70792248E4650003D171 /* main.swift in Sources */ = {isa = PBXBuildFile; fileRef = 20FC70782248E4650003D171 /* main.swift */; };
		20FC70802248E51D0003D171 /* XibID.swift in Sources */ = {isa = PBXBuildFile; fileRef = 20FC707F2248E51D0003D171 /* XibID.swift */; };
		20FC70822248E5760003D171 /* XibClass.swift in Sources */ = {isa = PBXBuildFile; fileRef = 20FC70812248E5760003D171 /* XibClass.swift */; };
		20FC70842248E5A00003D171 /* XibObject.swift in Sources */ = {isa = PBXBuildFile; fileRef = 20FC70832248E5A00003D171 /* XibObject.swift */; };
		20FC70862248E6250003D171 /* XibParameterProtocol.swift in Sources */ = {isa = PBXBuildFile; fileRef = 20FC70852248E6250003D171 /* XibParameterProtocol.swift */; };
		20FC70882248E65F0003D171 /* DataStream.swift in Sources */ = {isa = PBXBuildFile; fileRef = 20FC70872248E65F0003D171 /* DataStream.swift */; };
		20FC708A2248E6990003D171 /* XibConstants.swift in Sources */ = {isa = PBXBuildFile; fileRef = 20FC70892248E6990003D171 /* XibConstants.swift */; };
		20FC708C2248E7450003D171 /* XibFile.swift in Sources */ = {isa = PBXBuildFile; fileRef = 20FC708B2248E7450003D171 /* XibFile.swift */; };
		20FC708E2248E7970003D171 /* XibFileParser.swift in Sources */ = {isa = PBXBuildFile; fileRef = 20FC708D2248E7970003D171 /* XibFileParser.swift */; };
		20FC70902248E83F0003D171 /* XibLogger.swift in Sources */ = {isa = PBXBuildFile; fileRef = 20FC708F2248E83F0003D171 /* XibLogger.swift */; };
		C62DC9C97BDC04D4FFFF8BD7 /* libPods-xibdump.a in Frameworks */ = {isa = PBXBuildFile; fileRef = 31988BFF290A3A873385CA2F /* libPods-xibdump.a */; };
/* End PBXBuildFile section */

/* Begin PBXCopyFilesBuildPhase section */
		20FC70732248E4650003D171 /* CopyFiles */ = {
			isa = PBXCopyFilesBuildPhase;
			buildActionMask = 2147483647;
			dstPath = /usr/share/man/man1/;
			dstSubfolderSpec = 0;
			files = (
			);
			runOnlyForDeploymentPostprocessing = 1;
		};
/* End PBXCopyFilesBuildPhase section */

/* Begin PBXFileReference section */
		2021C563224B6EC600AAEC72 /* Version.swift */ = {isa = PBXFileReference; lastKnownFileType = sourcecode.swift; path = Version.swift; sourceTree = "<group>"; };
		2031674622522F5C00B82FD7 /* AutoresizingMaskParameterDecoder.swift */ = {isa = PBXFileReference; lastKnownFileType = sourcecode.swift; path = AutoresizingMaskParameterDecoder.swift; sourceTree = "<group>"; };
		204D18E5224D17DC009AAB8A /* XibIntParameter.swift */ = {isa = PBXFileReference; lastKnownFileType = sourcecode.swift; path = XibIntParameter.swift; sourceTree = "<group>"; };
		204D18E7224E0BB8009AAB8A /* XibFloatParameter.swift */ = {isa = PBXFileReference; lastKnownFileType = sourcecode.swift; path = XibFloatParameter.swift; sourceTree = "<group>"; };
		204D18E9224E0BDE009AAB8A /* XibDoubleParameter.swift */ = {isa = PBXFileReference; lastKnownFileType = sourcecode.swift; path = XibDoubleParameter.swift; sourceTree = "<group>"; };
		204D18EB224E0C32009AAB8A /* XibBoolParameter.swift */ = {isa = PBXFileReference; lastKnownFileType = sourcecode.swift; path = XibBoolParameter.swift; sourceTree = "<group>"; };
		204D18ED224E0C61009AAB8A /* XibNullParameter.swift */ = {isa = PBXFileReference; lastKnownFileType = sourcecode.swift; path = XibNullParameter.swift; sourceTree = "<group>"; };
		204D18EF224E0CFA009AAB8A /* XibObjectParameter.swift */ = {isa = PBXFileReference; lastKnownFileType = sourcecode.swift; path = XibObjectParameter.swift; sourceTree = "<group>"; };
		204D18F1224E0E38009AAB8A /* XibDataParameter.swift */ = {isa = PBXFileReference; lastKnownFileType = sourcecode.swift; path = XibDataParameter.swift; sourceTree = "<group>"; };
		204D18F3224E11BA009AAB8A /* XibUIBoundsParameter.swift */ = {isa = PBXFileReference; lastKnownFileType = sourcecode.swift; path = XibUIBoundsParameter.swift; sourceTree = "<group>"; };
		204D18F5224E164D009AAB8A /* XibUICenterParameter.swift */ = {isa = PBXFileReference; lastKnownFileType = sourcecode.swift; path = XibUICenterParameter.swift; sourceTree = "<group>"; };
		204D18F7224E1A86009AAB8A /* RestoreCommand.swift */ = {isa = PBXFileReference; lastKnownFileType = sourcecode.swift; path = RestoreCommand.swift; sourceTree = "<group>"; };
		204D18F9224E24D2009AAB8A /* XibScanner.swift */ = {isa = PBXFileReference; lastKnownFileType = sourcecode.swift; path = XibScanner.swift; sourceTree = "<group>"; };
		204D18FB224E29BA009AAB8A /* XibDecoder.swift */ = {isa = PBXFileReference; lastKnownFileType = sourcecode.swift; path = XibDecoder.swift; sourceTree = "<group>"; };
		204D1900224E2D37009AAB8A /* Tag.swift */ = {isa = PBXFileReference; lastKnownFileType = sourcecode.swift; path = Tag.swift; sourceTree = "<group>"; };
		204D1902224E2D6B009AAB8A /* TagParameter.swift */ = {isa = PBXFileReference; lastKnownFileType = sourcecode.swift; path = TagParameter.swift; sourceTree = "<group>"; };
		204D190B224E3C8A009AAB8A /* XibParentTag.swift */ = {isa = PBXFileReference; lastKnownFileType = sourcecode.swift; path = XibParentTag.swift; sourceTree = "<group>"; };
		204D190D224E53A1009AAB8A /* CustomDecodersHolder.swift */ = {isa = PBXFileReference; lastKnownFileType = sourcecode.swift; path = CustomDecodersHolder.swift; sourceTree = "<group>"; };
		204D190F224E5AAB009AAB8A /* NewTagDecoder.swift */ = {isa = PBXFileReference; lastKnownFileType = sourcecode.swift; path = NewTagDecoder.swift; sourceTree = "<group>"; };
		204D1911225200D6009AAB8A /* ProxyObjectDecoder.swift */ = {isa = PBXFileReference; lastKnownFileType = sourcecode.swift; path = ProxyObjectDecoder.swift; sourceTree = "<group>"; };
		204D1913225203CD009AAB8A /* PlaceholderDecoder.swift */ = {isa = PBXFileReference; lastKnownFileType = sourcecode.swift; path = PlaceholderDecoder.swift; sourceTree = "<group>"; };
		204D191522520B6C009AAB8A /* DefaultParameterDecoder.swift */ = {isa = PBXFileReference; lastKnownFileType = sourcecode.swift; path = DefaultParameterDecoder.swift; sourceTree = "<group>"; };
		204D191722521766009AAB8A /* ListParameterDecoder.swift */ = {isa = PBXFileReference; lastKnownFileType = sourcecode.swift; path = ListParameterDecoder.swift; sourceTree = "<group>"; };
		204D191922521B27009AAB8A /* UIBoundsDecoder.swift */ = {isa = PBXFileReference; lastKnownFileType = sourcecode.swift; path = UIBoundsDecoder.swift; sourceTree = "<group>"; };
		204D191B22521D6B009AAB8A /* UIColorDecoder.swift */ = {isa = PBXFileReference; lastKnownFileType = sourcecode.swift; path = UIColorDecoder.swift; sourceTree = "<group>"; };
		204D191D2252233E009AAB8A /* BoolParameterDecoder.swift */ = {isa = PBXFileReference; lastKnownFileType = sourcecode.swift; path = BoolParameterDecoder.swift; sourceTree = "<group>"; };
		20AC7A38224B879400BF5968 /* PrintCommand.swift */ = {isa = PBXFileReference; lastKnownFileType = sourcecode.swift; path = PrintCommand.swift; sourceTree = "<group>"; };
		20FC70752248E4650003D171 /* xibdump */ = {isa = PBXFileReference; explicitFileType = "compiled.mach-o.executable"; includeInIndex = 0; path = xibdump; sourceTree = BUILT_PRODUCTS_DIR; };
		20FC70782248E4650003D171 /* main.swift */ = {isa = PBXFileReference; lastKnownFileType = sourcecode.swift; path = main.swift; sourceTree = "<group>"; };
		20FC707F2248E51D0003D171 /* XibID.swift */ = {isa = PBXFileReference; lastKnownFileType = sourcecode.swift; path = XibID.swift; sourceTree = "<group>"; };
		20FC70812248E5760003D171 /* XibClass.swift */ = {isa = PBXFileReference; lastKnownFileType = sourcecode.swift; path = XibClass.swift; sourceTree = "<group>"; };
		20FC70832248E5A00003D171 /* XibObject.swift */ = {isa = PBXFileReference; lastKnownFileType = sourcecode.swift; path = XibObject.swift; sourceTree = "<group>"; };
		20FC70852248E6250003D171 /* XibParameterProtocol.swift */ = {isa = PBXFileReference; lastKnownFileType = sourcecode.swift; path = XibParameterProtocol.swift; sourceTree = "<group>"; };
		20FC70872248E65F0003D171 /* DataStream.swift */ = {isa = PBXFileReference; lastKnownFileType = sourcecode.swift; path = DataStream.swift; sourceTree = "<group>"; };
		20FC70892248E6990003D171 /* XibConstants.swift */ = {isa = PBXFileReference; lastKnownFileType = sourcecode.swift; path = XibConstants.swift; sourceTree = "<group>"; };
		20FC708B2248E7450003D171 /* XibFile.swift */ = {isa = PBXFileReference; lastKnownFileType = sourcecode.swift; path = XibFile.swift; sourceTree = "<group>"; };
		20FC708D2248E7970003D171 /* XibFileParser.swift */ = {isa = PBXFileReference; lastKnownFileType = sourcecode.swift; path = XibFileParser.swift; sourceTree = "<group>"; };
		20FC708F2248E83F0003D171 /* XibLogger.swift */ = {isa = PBXFileReference; lastKnownFileType = sourcecode.swift; path = XibLogger.swift; sourceTree = "<group>"; };
		31988BFF290A3A873385CA2F /* libPods-xibdump.a */ = {isa = PBXFileReference; explicitFileType = archive.ar; includeInIndex = 0; path = "libPods-xibdump.a"; sourceTree = BUILT_PRODUCTS_DIR; };
		4A1C71F2A717D644249C9895 /* Pods-xibdump.debug.xcconfig */ = {isa = PBXFileReference; includeInIndex = 1; lastKnownFileType = text.xcconfig; name = "Pods-xibdump.debug.xcconfig"; path = "Pods/Target Support Files/Pods-xibdump/Pods-xibdump.debug.xcconfig"; sourceTree = "<group>"; };
		5A00682ECCA60350E1DB43CD /* Pods-xibdump.release.xcconfig */ = {isa = PBXFileReference; includeInIndex = 1; lastKnownFileType = text.xcconfig; name = "Pods-xibdump.release.xcconfig"; path = "Pods/Target Support Files/Pods-xibdump/Pods-xibdump.release.xcconfig"; sourceTree = "<group>"; };
/* End PBXFileReference section */

/* Begin PBXFrameworksBuildPhase section */
		20FC70722248E4650003D171 /* Frameworks */ = {
			isa = PBXFrameworksBuildPhase;
			buildActionMask = 2147483647;
			files = (
				C62DC9C97BDC04D4FFFF8BD7 /* libPods-xibdump.a in Frameworks */,
			);
			runOnlyForDeploymentPostprocessing = 0;
		};
/* End PBXFrameworksBuildPhase section */

/* Begin PBXGroup section */
		07F32CAA2D9027BD47C9966F /* Frameworks */ = {
			isa = PBXGroup;
			children = (
				31988BFF290A3A873385CA2F /* libPods-xibdump.a */,
			);
			name = Frameworks;
			sourceTree = "<group>";
		};
		120BF3FEEF66D0C9B88D9610 /* Pods */ = {
			isa = PBXGroup;
			children = (
				4A1C71F2A717D644249C9895 /* Pods-xibdump.debug.xcconfig */,
				5A00682ECCA60350E1DB43CD /* Pods-xibdump.release.xcconfig */,
			);
			name = Pods;
			sourceTree = "<group>";
		};
		204D18E4224D17BA009AAB8A /* parameters */ = {
			isa = PBXGroup;
			children = (
				20FC70852248E6250003D171 /* XibParameterProtocol.swift */,
				204D18E5224D17DC009AAB8A /* XibIntParameter.swift */,
				204D18E7224E0BB8009AAB8A /* XibFloatParameter.swift */,
				204D18E9224E0BDE009AAB8A /* XibDoubleParameter.swift */,
				204D18EB224E0C32009AAB8A /* XibBoolParameter.swift */,
				204D18ED224E0C61009AAB8A /* XibNullParameter.swift */,
				204D18EF224E0CFA009AAB8A /* XibObjectParameter.swift */,
				204D18F1224E0E38009AAB8A /* XibDataParameter.swift */,
				204D18F3224E11BA009AAB8A /* XibUIBoundsParameter.swift */,
				204D18F5224E164D009AAB8A /* XibUICenterParameter.swift */,
			);
			path = parameters;
			sourceTree = "<group>";
		};
		204D18FD224E2A60009AAB8A /* logger */ = {
			isa = PBXGroup;
			children = (
				20FC708F2248E83F0003D171 /* XibLogger.swift */,
			);
			path = logger;
			sourceTree = "<group>";
		};
		204D18FE224E2A72009AAB8A /* parser */ = {
			isa = PBXGroup;
			children = (
				20FC707F2248E51D0003D171 /* XibID.swift */,
				20FC70812248E5760003D171 /* XibClass.swift */,
				20FC70832248E5A00003D171 /* XibObject.swift */,
				20FC70872248E65F0003D171 /* DataStream.swift */,
				20FC70892248E6990003D171 /* XibConstants.swift */,
				20FC708B2248E7450003D171 /* XibFile.swift */,
				20FC708D2248E7970003D171 /* XibFileParser.swift */,
				204D18F9224E24D2009AAB8A /* XibScanner.swift */,
			);
			path = parser;
			sourceTree = "<group>";
		};
		204D18FF224E2A87009AAB8A /* decoder */ = {
			isa = PBXGroup;
			children = (
				204D18FB224E29BA009AAB8A /* XibDecoder.swift */,
				204D1900224E2D37009AAB8A /* Tag.swift */,
				204D1902224E2D6B009AAB8A /* TagParameter.swift */,
				204D190B224E3C8A009AAB8A /* XibParentTag.swift */,
				204D190D224E53A1009AAB8A /* CustomDecodersHolder.swift */,
				204D190F224E5AAB009AAB8A /* NewTagDecoder.swift */,
				204D1911225200D6009AAB8A /* ProxyObjectDecoder.swift */,
				204D1913225203CD009AAB8A /* PlaceholderDecoder.swift */,
				204D191522520B6C009AAB8A /* DefaultParameterDecoder.swift */,
				204D191722521766009AAB8A /* ListParameterDecoder.swift */,
				204D191922521B27009AAB8A /* UIBoundsDecoder.swift */,
				204D191B22521D6B009AAB8A /* UIColorDecoder.swift */,
				204D191D2252233E009AAB8A /* BoolParameterDecoder.swift */,
				2031674622522F5C00B82FD7 /* AutoresizingMaskParameterDecoder.swift */,
			);
			path = decoder;
			sourceTree = "<group>";
		};
		20DE8385224B654F00C972FD /* cli */ = {
			isa = PBXGroup;
			children = (
				2021C563224B6EC600AAEC72 /* Version.swift */,
				20AC7A38224B879400BF5968 /* PrintCommand.swift */,
				204D18F7224E1A86009AAB8A /* RestoreCommand.swift */,
			);
			path = cli;
			sourceTree = "<group>";
		};
		20FC706C2248E4650003D171 = {
			isa = PBXGroup;
			children = (
				20FC70772248E4650003D171 /* xibdump */,
				20FC70762248E4650003D171 /* Products */,
				120BF3FEEF66D0C9B88D9610 /* Pods */,
				07F32CAA2D9027BD47C9966F /* Frameworks */,
			);
			sourceTree = "<group>";
		};
		20FC70762248E4650003D171 /* Products */ = {
			isa = PBXGroup;
			children = (
				20FC70752248E4650003D171 /* xibdump */,
			);
			name = Products;
			sourceTree = "<group>";
		};
		20FC70772248E4650003D171 /* xibdump */ = {
			isa = PBXGroup;
			children = (
				204D18FF224E2A87009AAB8A /* decoder */,
				204D18FE224E2A72009AAB8A /* parser */,
				204D18FD224E2A60009AAB8A /* logger */,
				204D18E4224D17BA009AAB8A /* parameters */,
				20DE8385224B654F00C972FD /* cli */,
				20FC70782248E4650003D171 /* main.swift */,
			);
			path = xibdump;
			sourceTree = "<group>";
		};
/* End PBXGroup section */

/* Begin PBXNativeTarget section */
		20FC70742248E4650003D171 /* xibdump */ = {
			isa = PBXNativeTarget;
			buildConfigurationList = 20FC707C2248E4650003D171 /* Build configuration list for PBXNativeTarget "xibdump" */;
			buildPhases = (
				6278686917BA7A9715837DD4 /* [CP] Check Pods Manifest.lock */,
				20FC70712248E4650003D171 /* Sources */,
				20FC70722248E4650003D171 /* Frameworks */,
				20FC70732248E4650003D171 /* CopyFiles */,
				20CF174C224A557000C65968 /* SwiftLint */,
			);
			buildRules = (
			);
			dependencies = (
			);
			name = xibdump;
			productName = xibdump;
			productReference = 20FC70752248E4650003D171 /* xibdump */;
			productType = "com.apple.product-type.tool";
		};
/* End PBXNativeTarget section */

/* Begin PBXProject section */
		20FC706D2248E4650003D171 /* Project object */ = {
			isa = PBXProject;
			attributes = {
				LastSwiftUpdateCheck = 1010;
				LastUpgradeCheck = 1010;
				ORGANIZATIONNAME = "";
				TargetAttributes = {
					20FC70742248E4650003D171 = {
						CreatedOnToolsVersion = 10.1;
					};
				};
			};
			buildConfigurationList = 20FC70702248E4650003D171 /* Build configuration list for PBXProject "xibdump" */;
			compatibilityVersion = "Xcode 9.3";
			developmentRegion = en;
			hasScannedForEncodings = 0;
			knownRegions = (
				en,
			);
			mainGroup = 20FC706C2248E4650003D171;
			productRefGroup = 20FC70762248E4650003D171 /* Products */;
			projectDirPath = "";
			projectRoot = "";
			targets = (
				20FC70742248E4650003D171 /* xibdump */,
			);
		};
/* End PBXProject section */

/* Begin PBXShellScriptBuildPhase section */
		20CF174C224A557000C65968 /* SwiftLint */ = {
			isa = PBXShellScriptBuildPhase;
			buildActionMask = 2147483647;
			files = (
			);
			inputFileListPaths = (
			);
			inputPaths = (
			);
			name = SwiftLint;
			outputFileListPaths = (
			);
			outputPaths = (
			);
			runOnlyForDeploymentPostprocessing = 0;
			shellPath = /bin/sh;
			shellScript = "if which swiftlint >/dev/null; then\n    swiftlint\nelse\n    echo \"warning: SwiftLint not installed, download from https://github.com/realm/SwiftLint\"\n    return 1\nfi\n";
		};
		6278686917BA7A9715837DD4 /* [CP] Check Pods Manifest.lock */ = {
			isa = PBXShellScriptBuildPhase;
			buildActionMask = 2147483647;
			files = (
			);
			inputFileListPaths = (
			);
			inputPaths = (
				"${PODS_PODFILE_DIR_PATH}/Podfile.lock",
				"${PODS_ROOT}/Manifest.lock",
			);
			name = "[CP] Check Pods Manifest.lock";
			outputFileListPaths = (
			);
			outputPaths = (
				"$(DERIVED_FILE_DIR)/Pods-xibdump-checkManifestLockResult.txt",
			);
			runOnlyForDeploymentPostprocessing = 0;
			shellPath = /bin/sh;
			shellScript = "diff \"${PODS_PODFILE_DIR_PATH}/Podfile.lock\" \"${PODS_ROOT}/Manifest.lock\" > /dev/null\nif [ $? != 0 ] ; then\n    # print error to STDERR\n    echo \"error: The sandbox is not in sync with the Podfile.lock. Run 'pod install' or update your CocoaPods installation.\" >&2\n    exit 1\nfi\n# This output is used by Xcode 'outputs' to avoid re-running this script phase.\necho \"SUCCESS\" > \"${SCRIPT_OUTPUT_FILE_0}\"\n";
			showEnvVarsInLog = 0;
		};
/* End PBXShellScriptBuildPhase section */

/* Begin PBXSourcesBuildPhase section */
		20FC70712248E4650003D171 /* Sources */ = {
			isa = PBXSourcesBuildPhase;
			buildActionMask = 2147483647;
			files = (
				204D191C22521D6B009AAB8A /* UIColorDecoder.swift in Sources */,
				204D18F0224E0CFA009AAB8A /* XibObjectParameter.swift in Sources */,
				20FC70862248E6250003D171 /* XibParameterProtocol.swift in Sources */,
				204D18F6224E164D009AAB8A /* XibUICenterParameter.swift in Sources */,
				204D18EC224E0C32009AAB8A /* XibBoolParameter.swift in Sources */,
				204D18FC224E29BA009AAB8A /* XibDecoder.swift in Sources */,
				204D191A22521B27009AAB8A /* UIBoundsDecoder.swift in Sources */,
				2031674722522F5C00B82FD7 /* AutoresizingMaskParameterDecoder.swift in Sources */,
				204D1914225203CD009AAB8A /* PlaceholderDecoder.swift in Sources */,
				204D191E2252233E009AAB8A /* BoolParameterDecoder.swift in Sources */,
				20FC70842248E5A00003D171 /* XibObject.swift in Sources */,
				204D18EA224E0BDE009AAB8A /* XibDoubleParameter.swift in Sources */,
				204D190E224E53A1009AAB8A /* CustomDecodersHolder.swift in Sources */,
				204D190C224E3C8A009AAB8A /* XibParentTag.swift in Sources */,
				204D1901224E2D37009AAB8A /* Tag.swift in Sources */,
				204D1910224E5AAB009AAB8A /* NewTagDecoder.swift in Sources */,
				20FC70822248E5760003D171 /* XibClass.swift in Sources */,
				204D191622520B6C009AAB8A /* DefaultParameterDecoder.swift in Sources */,
				204D1912225200D6009AAB8A /* ProxyObjectDecoder.swift in Sources */,
				20FC708C2248E7450003D171 /* XibFile.swift in Sources */,
				20FC708E2248E7970003D171 /* XibFileParser.swift in Sources */,
				20AC7A39224B879400BF5968 /* PrintCommand.swift in Sources */,
				20FC70802248E51D0003D171 /* XibID.swift in Sources */,
				204D18FA224E24D2009AAB8A /* XibScanner.swift in Sources */,
				204D18F4224E11BA009AAB8A /* XibUIBoundsParameter.swift in Sources */,
				20FC70792248E4650003D171 /* main.swift in Sources */,
				204D1903224E2D6B009AAB8A /* TagParameter.swift in Sources */,
				20FC708A2248E6990003D171 /* XibConstants.swift in Sources */,
				20FC70882248E65F0003D171 /* DataStream.swift in Sources */,
				204D191822521766009AAB8A /* ListParameterDecoder.swift in Sources */,
				204D18EE224E0C61009AAB8A /* XibNullParameter.swift in Sources */,
				204D18E8224E0BB8009AAB8A /* XibFloatParameter.swift in Sources */,
				2021C564224B6EC600AAEC72 /* Version.swift in Sources */,
				20FC70902248E83F0003D171 /* XibLogger.swift in Sources */,
				204D18F8224E1A86009AAB8A /* RestoreCommand.swift in Sources */,
				204D18E6224D17DC009AAB8A /* XibIntParameter.swift in Sources */,
				204D18F2224E0E38009AAB8A /* XibDataParameter.swift in Sources */,
			);
			runOnlyForDeploymentPostprocessing = 0;
		};
/* End PBXSourcesBuildPhase section */

/* Begin XCBuildConfiguration section */
		20FC707A2248E4650003D171 /* Debug */ = {
			isa = XCBuildConfiguration;
			buildSettings = {
				ALWAYS_SEARCH_USER_PATHS = NO;
				CLANG_ANALYZER_NONNULL = YES;
				CLANG_ANALYZER_NUMBER_OBJECT_CONVERSION = YES_AGGRESSIVE;
				CLANG_CXX_LANGUAGE_STANDARD = "gnu++14";
				CLANG_CXX_LIBRARY = "libc++";
				CLANG_ENABLE_MODULES = YES;
				CLANG_ENABLE_OBJC_ARC = YES;
				CLANG_ENABLE_OBJC_WEAK = YES;
				CLANG_WARN_BLOCK_CAPTURE_AUTORELEASING = YES;
				CLANG_WARN_BOOL_CONVERSION = YES;
				CLANG_WARN_COMMA = YES;
				CLANG_WARN_CONSTANT_CONVERSION = YES;
				CLANG_WARN_DEPRECATED_OBJC_IMPLEMENTATIONS = YES;
				CLANG_WARN_DIRECT_OBJC_ISA_USAGE = YES_ERROR;
				CLANG_WARN_DOCUMENTATION_COMMENTS = YES;
				CLANG_WARN_EMPTY_BODY = YES;
				CLANG_WARN_ENUM_CONVERSION = YES;
				CLANG_WARN_INFINITE_RECURSION = YES;
				CLANG_WARN_INT_CONVERSION = YES;
				CLANG_WARN_NON_LITERAL_NULL_CONVERSION = YES;
				CLANG_WARN_OBJC_IMPLICIT_RETAIN_SELF = YES;
				CLANG_WARN_OBJC_LITERAL_CONVERSION = YES;
				CLANG_WARN_OBJC_ROOT_CLASS = YES_ERROR;
				CLANG_WARN_RANGE_LOOP_ANALYSIS = YES;
				CLANG_WARN_STRICT_PROTOTYPES = YES;
				CLANG_WARN_SUSPICIOUS_MOVE = YES;
				CLANG_WARN_UNGUARDED_AVAILABILITY = YES_AGGRESSIVE;
				CLANG_WARN_UNREACHABLE_CODE = YES;
				CLANG_WARN__DUPLICATE_METHOD_MATCH = YES;
				CODE_SIGN_IDENTITY = "Mac Developer";
				COPY_PHASE_STRIP = NO;
				DEBUG_INFORMATION_FORMAT = dwarf;
				ENABLE_STRICT_OBJC_MSGSEND = YES;
				ENABLE_TESTABILITY = YES;
				GCC_C_LANGUAGE_STANDARD = gnu11;
				GCC_DYNAMIC_NO_PIC = NO;
				GCC_NO_COMMON_BLOCKS = YES;
				GCC_OPTIMIZATION_LEVEL = 0;
				GCC_PREPROCESSOR_DEFINITIONS = (
					"DEBUG=1",
					"$(inherited)",
				);
				GCC_WARN_64_TO_32_BIT_CONVERSION = YES;
				GCC_WARN_ABOUT_RETURN_TYPE = YES_ERROR;
				GCC_WARN_UNDECLARED_SELECTOR = YES;
				GCC_WARN_UNINITIALIZED_AUTOS = YES_AGGRESSIVE;
				GCC_WARN_UNUSED_FUNCTION = YES;
				GCC_WARN_UNUSED_VARIABLE = YES;
				MACOSX_DEPLOYMENT_TARGET = 10.10;
				MTL_ENABLE_DEBUG_INFO = INCLUDE_SOURCE;
				MTL_FAST_MATH = YES;
				ONLY_ACTIVE_ARCH = YES;
				SDKROOT = macosx;
				SWIFT_ACTIVE_COMPILATION_CONDITIONS = DEBUG;
				SWIFT_OPTIMIZATION_LEVEL = "-Onone";
			};
			name = Debug;
		};
		20FC707B2248E4650003D171 /* Release */ = {
			isa = XCBuildConfiguration;
			buildSettings = {
				ALWAYS_SEARCH_USER_PATHS = NO;
				CLANG_ANALYZER_NONNULL = YES;
				CLANG_ANALYZER_NUMBER_OBJECT_CONVERSION = YES_AGGRESSIVE;
				CLANG_CXX_LANGUAGE_STANDARD = "gnu++14";
				CLANG_CXX_LIBRARY = "libc++";
				CLANG_ENABLE_MODULES = YES;
				CLANG_ENABLE_OBJC_ARC = YES;
				CLANG_ENABLE_OBJC_WEAK = YES;
				CLANG_WARN_BLOCK_CAPTURE_AUTORELEASING = YES;
				CLANG_WARN_BOOL_CONVERSION = YES;
				CLANG_WARN_COMMA = YES;
				CLANG_WARN_CONSTANT_CONVERSION = YES;
				CLANG_WARN_DEPRECATED_OBJC_IMPLEMENTATIONS = YES;
				CLANG_WARN_DIRECT_OBJC_ISA_USAGE = YES_ERROR;
				CLANG_WARN_DOCUMENTATION_COMMENTS = YES;
				CLANG_WARN_EMPTY_BODY = YES;
				CLANG_WARN_ENUM_CONVERSION = YES;
				CLANG_WARN_INFINITE_RECURSION = YES;
				CLANG_WARN_INT_CONVERSION = YES;
				CLANG_WARN_NON_LITERAL_NULL_CONVERSION = YES;
				CLANG_WARN_OBJC_IMPLICIT_RETAIN_SELF = YES;
				CLANG_WARN_OBJC_LITERAL_CONVERSION = YES;
				CLANG_WARN_OBJC_ROOT_CLASS = YES_ERROR;
				CLANG_WARN_RANGE_LOOP_ANALYSIS = YES;
				CLANG_WARN_STRICT_PROTOTYPES = YES;
				CLANG_WARN_SUSPICIOUS_MOVE = YES;
				CLANG_WARN_UNGUARDED_AVAILABILITY = YES_AGGRESSIVE;
				CLANG_WARN_UNREACHABLE_CODE = YES;
				CLANG_WARN__DUPLICATE_METHOD_MATCH = YES;
				CODE_SIGN_IDENTITY = "Mac Developer";
				COPY_PHASE_STRIP = NO;
				DEBUG_INFORMATION_FORMAT = "dwarf-with-dsym";
				ENABLE_NS_ASSERTIONS = NO;
				ENABLE_STRICT_OBJC_MSGSEND = YES;
				GCC_C_LANGUAGE_STANDARD = gnu11;
				GCC_NO_COMMON_BLOCKS = YES;
				GCC_WARN_64_TO_32_BIT_CONVERSION = YES;
				GCC_WARN_ABOUT_RETURN_TYPE = YES_ERROR;
				GCC_WARN_UNDECLARED_SELECTOR = YES;
				GCC_WARN_UNINITIALIZED_AUTOS = YES_AGGRESSIVE;
				GCC_WARN_UNUSED_FUNCTION = YES;
				GCC_WARN_UNUSED_VARIABLE = YES;
				MACOSX_DEPLOYMENT_TARGET = 10.10;
				MTL_ENABLE_DEBUG_INFO = NO;
				MTL_FAST_MATH = YES;
				SDKROOT = macosx;
				SWIFT_COMPILATION_MODE = wholemodule;
				SWIFT_OPTIMIZATION_LEVEL = "-O";
			};
			name = Release;
		};
		20FC707D2248E4650003D171 /* Debug */ = {
			isa = XCBuildConfiguration;
			baseConfigurationReference = 4A1C71F2A717D644249C9895 /* Pods-xibdump.debug.xcconfig */;
			buildSettings = {
				ALWAYS_EMBED_SWIFT_STANDARD_LIBRARIES = NO;
				CODE_SIGN_IDENTITY = "Mac Developer";
				CODE_SIGN_STYLE = Automatic;
				DEVELOPMENT_TEAM = ZGPY786UX7;
				PRODUCT_NAME = "$(TARGET_NAME)";
				PROVISIONING_PROFILE_SPECIFIER = "";
				SWIFT_VERSION = 4.2;
			};
			name = Debug;
		};
		20FC707E2248E4650003D171 /* Release */ = {
			isa = XCBuildConfiguration;
			baseConfigurationReference = 5A00682ECCA60350E1DB43CD /* Pods-xibdump.release.xcconfig */;
			buildSettings = {
				ALWAYS_EMBED_SWIFT_STANDARD_LIBRARIES = NO;
				CODE_SIGN_IDENTITY = "Mac Developer";
				CODE_SIGN_STYLE = Automatic;
				DEVELOPMENT_TEAM = ZGPY786UX7;
				PRODUCT_NAME = "$(TARGET_NAME)";
				PROVISIONING_PROFILE_SPECIFIER = "";
				SWIFT_VERSION = 4.2;
			};
			name = Release;
		};
/* End XCBuildConfiguration section */

/* Begin XCConfigurationList section */
		20FC70702248E4650003D171 /* Build configuration list for PBXProject "xibdump" */ = {
			isa = XCConfigurationList;
			buildConfigurations = (
				20FC707A2248E4650003D171 /* Debug */,
				20FC707B2248E4650003D171 /* Release */,
			);
			defaultConfigurationIsVisible = 0;
			defaultConfigurationName = Release;
		};
		20FC707C2248E4650003D171 /* Build configuration list for PBXNativeTarget "xibdump" */ = {
			isa = XCConfigurationList;
			buildConfigurations = (
				20FC707D2248E4650003D171 /* Debug */,
				20FC707E2248E4650003D171 /* Release */,
			);
			defaultConfigurationIsVisible = 0;
			defaultConfigurationName = Release;
		};
/* End XCConfigurationList section */
	};
	rootObject = 20FC706D2248E4650003D171 /* Project object */;
}
